
Microsoft Visual Studio Solution File, Format Version 12.00
# Visual Studio Version 16
VisualStudioVersion = 16.0.29613.14
MinimumVisualStudioVersion = 10.0.40219.1
Project("{FAE04EC0-301F-11D3-BF4B-00C04F79EFBC}") = "WPF", "WPF\WPF.csproj", "{86928F01-60C4-4D72-A828-9D4544D7E1BF}"
EndProject
Global
	GlobalSection(SolutionConfigurationPlatforms) = preSolution
		Debug|Any CPU = Debug|Any CPU
		Release|Any CPU = Release|Any CPU
	EndGlobalSection
	GlobalSection(ProjectConfigurationPlatforms) = postSolution
		{86928F01-60C4-4D72-A828-9D4544D7E1BF}.Debug|Any CPU.ActiveCfg = Debug|Any CPU
		{86928F01-60C4-4D72-A828-9D4544D7E1BF}.Debug|Any CPU.Build.0 = Debug|Any CPU
		{86928F01-60C4-4D72-A828-9D4544D7E1BF}.Release|Any CPU.ActiveCfg = Release|Any CPU
		{86928F01-60C4-4D72-A828-9D4544D7E1BF}.Release|Any CPU.Build.0 = Release|Any CPU
	EndGlobalSection
	GlobalSection(SolutionProperties) = preSolution
		HideSolutionNode = FALSE
	EndGlobalSection
	GlobalSection(ExtensibilityGlobals) = postSolution
		SolutionGuid = {A0506755-5136-468E-A122-5D0924ACF8AB}
	EndGlobalSection
EndGlobal
